
Microsoft Visual Studio Solution File, Format Version 12.00
# Visual Studio Version 16
VisualStudioVersion = 16.0.29609.76
MinimumVisualStudioVersion = 10.0.40219.1
Project("{FAE04EC0-301F-11D3-BF4B-00C04F79EFBC}") = "CykelLib", "CykelLib\CykelLib.csproj", "{A6EB8A40-B26E-4099-B993-0CE7C69D5C64}"
EndProject
Project("{FAE04EC0-301F-11D3-BF4B-00C04F79EFBC}") = "CykelLibTests", "CykelLibTests\CykelLibTests.csproj", "{7C95DD1D-4F56-42DD-AEFB-B10AB61BD111}"
EndProject
Global
	GlobalSection(SolutionConfigurationPlatforms) = preSolution
		Debug|Any CPU = Debug|Any CPU
		Release|Any CPU = Release|Any CPU
	EndGlobalSection
	GlobalSection(ProjectConfigurationPlatforms) = postSolution
		{A6EB8A40-B26E-4099-B993-0CE7C69D5C64}.Debug|Any CPU.ActiveCfg = Debug|Any CPU
		{A6EB8A40-B26E-4099-B993-0CE7C69D5C64}.Debug|Any CPU.Build.0 = Debug|Any CPU
		{A6EB8A40-B26E-4099-B993-0CE7C69D5C64}.Release|Any CPU.ActiveCfg = Release|Any CPU
		{A6EB8A40-B26E-4099-B993-0CE7C69D5C64}.Release|Any CPU.Build.0 = Release|Any CPU
		{7C95DD1D-4F56-42DD-AEFB-B10AB61BD111}.Debug|Any CPU.ActiveCfg = Debug|Any CPU
		{7C95DD1D-4F56-42DD-AEFB-B10AB61BD111}.Debug|Any CPU.Build.0 = Debug|Any CPU
		{7C95DD1D-4F56-42DD-AEFB-B10AB61BD111}.Release|Any CPU.ActiveCfg = Release|Any CPU
		{7C95DD1D-4F56-42DD-AEFB-B10AB61BD111}.Release|Any CPU.Build.0 = Release|Any CPU
	EndGlobalSection
	GlobalSection(SolutionProperties) = preSolution
		HideSolutionNode = FALSE
	EndGlobalSection
	GlobalSection(ExtensibilityGlobals) = postSolution
		SolutionGuid = {260B01C4-0E6F-4113-B7DB-70D4FC766840}
	EndGlobalSection
EndGlobal
